// !$*UTF8*$!
{
	archiveVersion = 1;
	classes = {
	};
	objectVersion = 51;
	objects = {

/* Begin PBXBuildFile section */
		67562B1923779DD3000C60CB /* ContactEditViewModel.swift in Sources */ = {isa = PBXBuildFile; fileRef = 67562B1823779DD3000C60CB /* ContactEditViewModel.swift */; };
		675AD4E5237979DF0070AE6F /* APIConnector.swift in Sources */ = {isa = PBXBuildFile; fileRef = 675AD4E4237979DF0070AE6F /* APIConnector.swift */; };
		67885A4E237747F200631F61 /* ContactCell.swift in Sources */ = {isa = PBXBuildFile; fileRef = 67885A4D237747F200631F61 /* ContactCell.swift */; };
		67885A5123774C2E00631F61 /* Box.swift in Sources */ = {isa = PBXBuildFile; fileRef = 67885A5023774C2E00631F61 /* Box.swift */; };
		67885A5323774D2900631F61 /* ContactListViewModel.swift in Sources */ = {isa = PBXBuildFile; fileRef = 67885A5223774D2900631F61 /* ContactListViewModel.swift */; };
		67885A5823774DF500631F61 /* DataEvents.swift in Sources */ = {isa = PBXBuildFile; fileRef = 67885A5723774DF500631F61 /* DataEvents.swift */; };
		67885A5A23774E5300631F61 /* BaseDataModel.swift in Sources */ = {isa = PBXBuildFile; fileRef = 67885A5923774E5300631F61 /* BaseDataModel.swift */; };
		67885A5C23774E7800631F61 /* BaseDataManager.swift in Sources */ = {isa = PBXBuildFile; fileRef = 67885A5B23774E7800631F61 /* BaseDataManager.swift */; };
		67885A602377507800631F61 /* ContactModel.swift in Sources */ = {isa = PBXBuildFile; fileRef = 67885A5F2377507800631F61 /* ContactModel.swift */; };
		67885A6223775E8600631F61 /* StringValidation.swift in Sources */ = {isa = PBXBuildFile; fileRef = 67885A6123775E8600631F61 /* StringValidation.swift */; };
		67B076352378169E00218B99 /* Animations.swift in Sources */ = {isa = PBXBuildFile; fileRef = 67B076342378169E00218B99 /* Animations.swift */; };
		67B076372379171800218B99 /* ContactDataManager.swift in Sources */ = {isa = PBXBuildFile; fileRef = 67B076362379171800218B99 /* ContactDataManager.swift */; };
		67F4570F2376D2BA001FD596 /* AppDelegate.swift in Sources */ = {isa = PBXBuildFile; fileRef = 67F4570E2376D2BA001FD596 /* AppDelegate.swift */; };
		67F457112376D2BA001FD596 /* SceneDelegate.swift in Sources */ = {isa = PBXBuildFile; fileRef = 67F457102376D2BA001FD596 /* SceneDelegate.swift */; };
		67F457162376D2BA001FD596 /* ContactList.storyboard in Resources */ = {isa = PBXBuildFile; fileRef = 67F457142376D2BA001FD596 /* ContactList.storyboard */; };
		67F457182376D2BC001FD596 /* Assets.xcassets in Resources */ = {isa = PBXBuildFile; fileRef = 67F457172376D2BC001FD596 /* Assets.xcassets */; };
		67F4571B2376D2BC001FD596 /* LaunchScreen.storyboard in Resources */ = {isa = PBXBuildFile; fileRef = 67F457192376D2BC001FD596 /* LaunchScreen.storyboard */; };
		67F4572C2376E3C4001FD596 /* BaseViewController.swift in Sources */ = {isa = PBXBuildFile; fileRef = 67F4572B2376E3C4001FD596 /* BaseViewController.swift */; };
		67F4572E2376E3E4001FD596 /* BaseViewModel.swift in Sources */ = {isa = PBXBuildFile; fileRef = 67F4572D2376E3E4001FD596 /* BaseViewModel.swift */; };
		67F457302376E57B001FD596 /* ContactListViewController.swift in Sources */ = {isa = PBXBuildFile; fileRef = 67F4572F2376E57B001FD596 /* ContactListViewController.swift */; };
		67F457322376E58C001FD596 /* ContactEditViewController.swift in Sources */ = {isa = PBXBuildFile; fileRef = 67F457312376E58C001FD596 /* ContactEditViewController.swift */; };
		9A55C1234DF5322BDD7554F8 /* Pods_FrogogoTestApp.framework in Frameworks */ = {isa = PBXBuildFile; fileRef = 6F0020EA5AC9448316B3D6D7 /* Pods_FrogogoTestApp.framework */; };
/* End PBXBuildFile section */

/* Begin PBXFileReference section */
		67562B1823779DD3000C60CB /* ContactEditViewModel.swift */ = {isa = PBXFileReference; lastKnownFileType = sourcecode.swift; path = ContactEditViewModel.swift; sourceTree = "<group>"; };
		675AD4E4237979DF0070AE6F /* APIConnector.swift */ = {isa = PBXFileReference; lastKnownFileType = sourcecode.swift; path = APIConnector.swift; sourceTree = "<group>"; };
		67885A4D237747F200631F61 /* ContactCell.swift */ = {isa = PBXFileReference; lastKnownFileType = sourcecode.swift; path = ContactCell.swift; sourceTree = "<group>"; };
		67885A5023774C2E00631F61 /* Box.swift */ = {isa = PBXFileReference; lastKnownFileType = sourcecode.swift; path = Box.swift; sourceTree = "<group>"; };
		67885A5223774D2900631F61 /* ContactListViewModel.swift */ = {isa = PBXFileReference; lastKnownFileType = sourcecode.swift; path = ContactListViewModel.swift; sourceTree = "<group>"; };
		67885A5723774DF500631F61 /* DataEvents.swift */ = {isa = PBXFileReference; lastKnownFileType = sourcecode.swift; path = DataEvents.swift; sourceTree = "<group>"; };
		67885A5923774E5300631F61 /* BaseDataModel.swift */ = {isa = PBXFileReference; lastKnownFileType = sourcecode.swift; path = BaseDataModel.swift; sourceTree = "<group>"; };
		67885A5B23774E7800631F61 /* BaseDataManager.swift */ = {isa = PBXFileReference; lastKnownFileType = sourcecode.swift; path = BaseDataManager.swift; sourceTree = "<group>"; };
		67885A5F2377507800631F61 /* ContactModel.swift */ = {isa = PBXFileReference; lastKnownFileType = sourcecode.swift; path = ContactModel.swift; sourceTree = "<group>"; };
		67885A6123775E8600631F61 /* StringValidation.swift */ = {isa = PBXFileReference; lastKnownFileType = sourcecode.swift; path = StringValidation.swift; sourceTree = "<group>"; };
		67B076342378169E00218B99 /* Animations.swift */ = {isa = PBXFileReference; lastKnownFileType = sourcecode.swift; path = Animations.swift; sourceTree = "<group>"; };
		67B076362379171800218B99 /* ContactDataManager.swift */ = {isa = PBXFileReference; lastKnownFileType = sourcecode.swift; path = ContactDataManager.swift; sourceTree = "<group>"; };
		67F4570B2376D2BA001FD596 /* FrogogoTestApp.app */ = {isa = PBXFileReference; explicitFileType = wrapper.application; includeInIndex = 0; path = FrogogoTestApp.app; sourceTree = BUILT_PRODUCTS_DIR; };
		67F4570E2376D2BA001FD596 /* AppDelegate.swift */ = {isa = PBXFileReference; lastKnownFileType = sourcecode.swift; path = AppDelegate.swift; sourceTree = "<group>"; };
		67F457102376D2BA001FD596 /* SceneDelegate.swift */ = {isa = PBXFileReference; lastKnownFileType = sourcecode.swift; path = SceneDelegate.swift; sourceTree = "<group>"; };
		67F457152376D2BA001FD596 /* Base */ = {isa = PBXFileReference; lastKnownFileType = file.storyboard; name = Base; path = Base.lproj/ContactList.storyboard; sourceTree = "<group>"; };
		67F457172376D2BC001FD596 /* Assets.xcassets */ = {isa = PBXFileReference; lastKnownFileType = folder.assetcatalog; path = Assets.xcassets; sourceTree = "<group>"; };
		67F4571A2376D2BC001FD596 /* Base */ = {isa = PBXFileReference; lastKnownFileType = file.storyboard; name = Base; path = Base.lproj/LaunchScreen.storyboard; sourceTree = "<group>"; };
		67F4571C2376D2BC001FD596 /* Info.plist */ = {isa = PBXFileReference; lastKnownFileType = text.plist.xml; path = Info.plist; sourceTree = "<group>"; };
		67F4572B2376E3C4001FD596 /* BaseViewController.swift */ = {isa = PBXFileReference; lastKnownFileType = sourcecode.swift; path = BaseViewController.swift; sourceTree = "<group>"; };
		67F4572D2376E3E4001FD596 /* BaseViewModel.swift */ = {isa = PBXFileReference; lastKnownFileType = sourcecode.swift; path = BaseViewModel.swift; sourceTree = "<group>"; };
		67F4572F2376E57B001FD596 /* ContactListViewController.swift */ = {isa = PBXFileReference; lastKnownFileType = sourcecode.swift; path = ContactListViewController.swift; sourceTree = "<group>"; };
		67F457312376E58C001FD596 /* ContactEditViewController.swift */ = {isa = PBXFileReference; lastKnownFileType = sourcecode.swift; path = ContactEditViewController.swift; sourceTree = "<group>"; };
		6ACCEF589A4548B451A12DA8 /* Pods-FrogogoTestApp.debug.xcconfig */ = {isa = PBXFileReference; includeInIndex = 1; lastKnownFileType = text.xcconfig; name = "Pods-FrogogoTestApp.debug.xcconfig"; path = "Target Support Files/Pods-FrogogoTestApp/Pods-FrogogoTestApp.debug.xcconfig"; sourceTree = "<group>"; };
		6F0020EA5AC9448316B3D6D7 /* Pods_FrogogoTestApp.framework */ = {isa = PBXFileReference; explicitFileType = wrapper.framework; includeInIndex = 0; path = Pods_FrogogoTestApp.framework; sourceTree = BUILT_PRODUCTS_DIR; };
		DC0EE27D0239A2876C6052FA /* Pods-FrogogoTestApp.release.xcconfig */ = {isa = PBXFileReference; includeInIndex = 1; lastKnownFileType = text.xcconfig; name = "Pods-FrogogoTestApp.release.xcconfig"; path = "Target Support Files/Pods-FrogogoTestApp/Pods-FrogogoTestApp.release.xcconfig"; sourceTree = "<group>"; };
/* End PBXFileReference section */

/* Begin PBXFrameworksBuildPhase section */
		67F457082376D2BA001FD596 /* Frameworks */ = {
			isa = PBXFrameworksBuildPhase;
			buildActionMask = 2147483647;
			files = (
				9A55C1234DF5322BDD7554F8 /* Pods_FrogogoTestApp.framework in Frameworks */,
			);
			runOnlyForDeploymentPostprocessing = 0;
		};
/* End PBXFrameworksBuildPhase section */

/* Begin PBXGroup section */
		67885A4F23774C0200631F61 /* utilities */ = {
			isa = PBXGroup;
			children = (
				67885A5023774C2E00631F61 /* Box.swift */,
				67885A6123775E8600631F61 /* StringValidation.swift */,
				67B076342378169E00218B99 /* Animations.swift */,
			);
			path = utilities;
			sourceTree = "<group>";
		};
		67885A5423774DC000631F61 /* data models */ = {
			isa = PBXGroup;
			children = (
				67885A5923774E5300631F61 /* BaseDataModel.swift */,
				67885A5F2377507800631F61 /* ContactModel.swift */,
			);
			path = "data models";
			sourceTree = "<group>";
		};
		67885A5523774DC600631F61 /* connectors */ = {
			isa = PBXGroup;
			children = (
				675AD4E4237979DF0070AE6F /* APIConnector.swift */,
			);
			path = connectors;
			sourceTree = "<group>";
		};
		67885A5623774DCE00631F61 /* data managers */ = {
			isa = PBXGroup;
			children = (
				67885A5B23774E7800631F61 /* BaseDataManager.swift */,
				67B076362379171800218B99 /* ContactDataManager.swift */,
			);
			path = "data managers";
			sourceTree = "<group>";
		};
		67F457022376D2BA001FD596 = {
			isa = PBXGroup;
			children = (
				67F4570D2376D2BA001FD596 /* FrogogoTestApp */,
				67F4570C2376D2BA001FD596 /* Products */,
				C4CA44D5EFC128F592FC51E1 /* Pods */,
				A622699F814EC1158610DDB1 /* Frameworks */,
			);
			sourceTree = "<group>";
		};
		67F4570C2376D2BA001FD596 /* Products */ = {
			isa = PBXGroup;
			children = (
				67F4570B2376D2BA001FD596 /* FrogogoTestApp.app */,
			);
			name = Products;
			sourceTree = "<group>";
		};
		67F4570D2376D2BA001FD596 /* FrogogoTestApp */ = {
			isa = PBXGroup;
			children = (
				67F4570E2376D2BA001FD596 /* AppDelegate.swift */,
				67F457102376D2BA001FD596 /* SceneDelegate.swift */,
				67F457222376E190001FD596 /* model */,
				67F457232376E1A8001FD596 /* screens */,
				67885A4F23774C0200631F61 /* utilities */,
				67F457172376D2BC001FD596 /* Assets.xcassets */,
				67F4571C2376D2BC001FD596 /* Info.plist */,
			);
			path = FrogogoTestApp;
			sourceTree = "<group>";
		};
		67F457222376E190001FD596 /* model */ = {
			isa = PBXGroup;
			children = (
				67885A5723774DF500631F61 /* DataEvents.swift */,
				67885A5523774DC600631F61 /* connectors */,
				67885A5623774DCE00631F61 /* data managers */,
				67885A5423774DC000631F61 /* data models */,
			);
			path = model;
			sourceTree = "<group>";
		};
		67F457232376E1A8001FD596 /* screens */ = {
			isa = PBXGroup;
			children = (
				67F4572D2376E3E4001FD596 /* BaseViewModel.swift */,
				67F4572B2376E3C4001FD596 /* BaseViewController.swift */,
				67F457272376E210001FD596 /* storyboards */,
				67F457242376E1CB001FD596 /* contact list screen */,
				67F457252376E1E0001FD596 /* contact edit screen */,
			);
			path = screens;
			sourceTree = "<group>";
		};
		67F457242376E1CB001FD596 /* contact list screen */ = {
			isa = PBXGroup;
			children = (
				67885A5223774D2900631F61 /* ContactListViewModel.swift */,
				67F4572F2376E57B001FD596 /* ContactListViewController.swift */,
				67885A4D237747F200631F61 /* ContactCell.swift */,
			);
			path = "contact list screen";
			sourceTree = "<group>";
		};
		67F457252376E1E0001FD596 /* contact edit screen */ = {
			isa = PBXGroup;
			children = (
				67562B1823779DD3000C60CB /* ContactEditViewModel.swift */,
				67F457312376E58C001FD596 /* ContactEditViewController.swift */,
			);
			path = "contact edit screen";
			sourceTree = "<group>";
		};
		67F457272376E210001FD596 /* storyboards */ = {
			isa = PBXGroup;
			children = (
				67F457192376D2BC001FD596 /* LaunchScreen.storyboard */,
				67F457142376D2BA001FD596 /* ContactList.storyboard */,
			);
			path = storyboards;
			sourceTree = "<group>";
		};
		A622699F814EC1158610DDB1 /* Frameworks */ = {
			isa = PBXGroup;
			children = (
				6F0020EA5AC9448316B3D6D7 /* Pods_FrogogoTestApp.framework */,
			);
			name = Frameworks;
			sourceTree = "<group>";
		};
		C4CA44D5EFC128F592FC51E1 /* Pods */ = {
			isa = PBXGroup;
			children = (
				6ACCEF589A4548B451A12DA8 /* Pods-FrogogoTestApp.debug.xcconfig */,
				DC0EE27D0239A2876C6052FA /* Pods-FrogogoTestApp.release.xcconfig */,
			);
			path = Pods;
			sourceTree = "<group>";
		};
/* End PBXGroup section */

/* Begin PBXNativeTarget section */
		67F4570A2376D2BA001FD596 /* FrogogoTestApp */ = {
			isa = PBXNativeTarget;
			buildConfigurationList = 67F4571F2376D2BC001FD596 /* Build configuration list for PBXNativeTarget "FrogogoTestApp" */;
			buildPhases = (
				1FC22768D01369E571C48C31 /* [CP] Check Pods Manifest.lock */,
				67F457072376D2BA001FD596 /* Sources */,
				67F457082376D2BA001FD596 /* Frameworks */,
				67F457092376D2BA001FD596 /* Resources */,
				FB3AB938D436995FF86AB96F /* [CP] Embed Pods Frameworks */,
			);
			buildRules = (
			);
			dependencies = (
			);
			name = FrogogoTestApp;
			productName = FrogogoTestApp;
			productReference = 67F4570B2376D2BA001FD596 /* FrogogoTestApp.app */;
			productType = "com.apple.product-type.application";
		};
/* End PBXNativeTarget section */

/* Begin PBXProject section */
		67F457032376D2BA001FD596 /* Project object */ = {
			isa = PBXProject;
			attributes = {
				LastSwiftUpdateCheck = 1120;
				LastUpgradeCheck = 1120;
				ORGANIZATIONNAME = "Oleg Mosyagin";
				TargetAttributes = {
					67F4570A2376D2BA001FD596 = {
						CreatedOnToolsVersion = 11.2;
					};
				};
			};
			buildConfigurationList = 67F457062376D2BA001FD596 /* Build configuration list for PBXProject "FrogogoTestApp" */;
			compatibilityVersion = "Xcode 9.3";
			developmentRegion = en;
			hasScannedForEncodings = 0;
			knownRegions = (
				en,
				Base,
			);
			mainGroup = 67F457022376D2BA001FD596;
			productRefGroup = 67F4570C2376D2BA001FD596 /* Products */;
			projectDirPath = "";
			projectRoot = "";
			targets = (
				67F4570A2376D2BA001FD596 /* FrogogoTestApp */,
			);
		};
/* End PBXProject section */

/* Begin PBXResourcesBuildPhase section */
		67F457092376D2BA001FD596 /* Resources */ = {
			isa = PBXResourcesBuildPhase;
			buildActionMask = 2147483647;
			files = (
				67F4571B2376D2BC001FD596 /* LaunchScreen.storyboard in Resources */,
				67F457182376D2BC001FD596 /* Assets.xcassets in Resources */,
				67F457162376D2BA001FD596 /* ContactList.storyboard in Resources */,
			);
			runOnlyForDeploymentPostprocessing = 0;
		};
/* End PBXResourcesBuildPhase section */

/* Begin PBXShellScriptBuildPhase section */
		1FC22768D01369E571C48C31 /* [CP] Check Pods Manifest.lock */ = {
			isa = PBXShellScriptBuildPhase;
			buildActionMask = 2147483647;
			files = (
			);
			inputFileListPaths = (
			);
			inputPaths = (
				"${PODS_PODFILE_DIR_PATH}/Podfile.lock",
				"${PODS_ROOT}/Manifest.lock",
			);
			name = "[CP] Check Pods Manifest.lock";
			outputFileListPaths = (
			);
			outputPaths = (
				"$(DERIVED_FILE_DIR)/Pods-FrogogoTestApp-checkManifestLockResult.txt",
			);
			runOnlyForDeploymentPostprocessing = 0;
			shellPath = /bin/sh;
			shellScript = "diff \"${PODS_PODFILE_DIR_PATH}/Podfile.lock\" \"${PODS_ROOT}/Manifest.lock\" > /dev/null\nif [ $? != 0 ] ; then\n    # print error to STDERR\n    echo \"error: The sandbox is not in sync with the Podfile.lock. Run 'pod install' or update your CocoaPods installation.\" >&2\n    exit 1\nfi\n# This output is used by Xcode 'outputs' to avoid re-running this script phase.\necho \"SUCCESS\" > \"${SCRIPT_OUTPUT_FILE_0}\"\n";
			showEnvVarsInLog = 0;
		};
		FB3AB938D436995FF86AB96F /* [CP] Embed Pods Frameworks */ = {
			isa = PBXShellScriptBuildPhase;
			buildActionMask = 2147483647;
			files = (
			);
			inputFileListPaths = (
				"${PODS_ROOT}/Target Support Files/Pods-FrogogoTestApp/Pods-FrogogoTestApp-frameworks-${CONFIGURATION}-input-files.xcfilelist",
			);
			name = "[CP] Embed Pods Frameworks";
			outputFileListPaths = (
				"${PODS_ROOT}/Target Support Files/Pods-FrogogoTestApp/Pods-FrogogoTestApp-frameworks-${CONFIGURATION}-output-files.xcfilelist",
			);
			runOnlyForDeploymentPostprocessing = 0;
			shellPath = /bin/sh;
			shellScript = "\"${PODS_ROOT}/Target Support Files/Pods-FrogogoTestApp/Pods-FrogogoTestApp-frameworks.sh\"\n";
			showEnvVarsInLog = 0;
		};
/* End PBXShellScriptBuildPhase section */

/* Begin PBXSourcesBuildPhase section */
		67F457072376D2BA001FD596 /* Sources */ = {
			isa = PBXSourcesBuildPhase;
			buildActionMask = 2147483647;
			files = (
				675AD4E5237979DF0070AE6F /* APIConnector.swift in Sources */,
				67885A5C23774E7800631F61 /* BaseDataManager.swift in Sources */,
				67885A5323774D2900631F61 /* ContactListViewModel.swift in Sources */,
				67F4570F2376D2BA001FD596 /* AppDelegate.swift in Sources */,
				67885A5A23774E5300631F61 /* BaseDataModel.swift in Sources */,
				67885A6223775E8600631F61 /* StringValidation.swift in Sources */,
				67F457302376E57B001FD596 /* ContactListViewController.swift in Sources */,
				67885A602377507800631F61 /* ContactModel.swift in Sources */,
				67F4572E2376E3E4001FD596 /* BaseViewModel.swift in Sources */,
				67562B1923779DD3000C60CB /* ContactEditViewModel.swift in Sources */,
				67885A5823774DF500631F61 /* DataEvents.swift in Sources */,
				67F457112376D2BA001FD596 /* SceneDelegate.swift in Sources */,
				67B076372379171800218B99 /* ContactDataManager.swift in Sources */,
				67F4572C2376E3C4001FD596 /* BaseViewController.swift in Sources */,
				67885A5123774C2E00631F61 /* Box.swift in Sources */,
				67885A4E237747F200631F61 /* ContactCell.swift in Sources */,
				67B076352378169E00218B99 /* Animations.swift in Sources */,
				67F457322376E58C001FD596 /* ContactEditViewController.swift in Sources */,
			);
			runOnlyForDeploymentPostprocessing = 0;
		};
/* End PBXSourcesBuildPhase section */

/* Begin PBXVariantGroup section */
		67F457142376D2BA001FD596 /* ContactList.storyboard */ = {
			isa = PBXVariantGroup;
			children = (
				67F457152376D2BA001FD596 /* Base */,
			);
			name = ContactList.storyboard;
			sourceTree = "<group>";
		};
		67F457192376D2BC001FD596 /* LaunchScreen.storyboard */ = {
			isa = PBXVariantGroup;
			children = (
				67F4571A2376D2BC001FD596 /* Base */,
			);
			name = LaunchScreen.storyboard;
			sourceTree = "<group>";
		};
/* End PBXVariantGroup section */

/* Begin XCBuildConfiguration section */
		67F4571D2376D2BC001FD596 /* Debug */ = {
			isa = XCBuildConfiguration;
			buildSettings = {
				ALWAYS_SEARCH_USER_PATHS = NO;
				CLANG_ANALYZER_NONNULL = YES;
				CLANG_ANALYZER_NUMBER_OBJECT_CONVERSION = YES_AGGRESSIVE;
				CLANG_CXX_LANGUAGE_STANDARD = "gnu++14";
				CLANG_CXX_LIBRARY = "libc++";
				CLANG_ENABLE_MODULES = YES;
				CLANG_ENABLE_OBJC_ARC = YES;
				CLANG_ENABLE_OBJC_WEAK = YES;
				CLANG_WARN_BLOCK_CAPTURE_AUTORELEASING = YES;
				CLANG_WARN_BOOL_CONVERSION = YES;
				CLANG_WARN_COMMA = YES;
				CLANG_WARN_CONSTANT_CONVERSION = YES;
				CLANG_WARN_DEPRECATED_OBJC_IMPLEMENTATIONS = YES;
				CLANG_WARN_DIRECT_OBJC_ISA_USAGE = YES_ERROR;
				CLANG_WARN_DOCUMENTATION_COMMENTS = YES;
				CLANG_WARN_EMPTY_BODY = YES;
				CLANG_WARN_ENUM_CONVERSION = YES;
				CLANG_WARN_INFINITE_RECURSION = YES;
				CLANG_WARN_INT_CONVERSION = YES;
				CLANG_WARN_NON_LITERAL_NULL_CONVERSION = YES;
				CLANG_WARN_OBJC_IMPLICIT_RETAIN_SELF = YES;
				CLANG_WARN_OBJC_LITERAL_CONVERSION = YES;
				CLANG_WARN_OBJC_ROOT_CLASS = YES_ERROR;
				CLANG_WARN_RANGE_LOOP_ANALYSIS = YES;
				CLANG_WARN_STRICT_PROTOTYPES = YES;
				CLANG_WARN_SUSPICIOUS_MOVE = YES;
				CLANG_WARN_UNGUARDED_AVAILABILITY = YES_AGGRESSIVE;
				CLANG_WARN_UNREACHABLE_CODE = YES;
				CLANG_WARN__DUPLICATE_METHOD_MATCH = YES;
				COPY_PHASE_STRIP = NO;
				DEBUG_INFORMATION_FORMAT = dwarf;
				ENABLE_STRICT_OBJC_MSGSEND = YES;
				ENABLE_TESTABILITY = YES;
				GCC_C_LANGUAGE_STANDARD = gnu11;
				GCC_DYNAMIC_NO_PIC = NO;
				GCC_NO_COMMON_BLOCKS = YES;
				GCC_OPTIMIZATION_LEVEL = 0;
				GCC_PREPROCESSOR_DEFINITIONS = (
					"DEBUG=1",
					"$(inherited)",
				);
				GCC_WARN_64_TO_32_BIT_CONVERSION = YES;
				GCC_WARN_ABOUT_RETURN_TYPE = YES_ERROR;
				GCC_WARN_UNDECLARED_SELECTOR = YES;
				GCC_WARN_UNINITIALIZED_AUTOS = YES_AGGRESSIVE;
				GCC_WARN_UNUSED_FUNCTION = YES;
				GCC_WARN_UNUSED_VARIABLE = YES;
				IPHONEOS_DEPLOYMENT_TARGET = 13.2;
				MTL_ENABLE_DEBUG_INFO = INCLUDE_SOURCE;
				MTL_FAST_MATH = YES;
				ONLY_ACTIVE_ARCH = YES;
				SDKROOT = iphoneos;
				SWIFT_ACTIVE_COMPILATION_CONDITIONS = DEBUG;
				SWIFT_OPTIMIZATION_LEVEL = "-Onone";
			};
			name = Debug;
		};
		67F4571E2376D2BC001FD596 /* Release */ = {
			isa = XCBuildConfiguration;
			buildSettings = {
				ALWAYS_SEARCH_USER_PATHS = NO;
				CLANG_ANALYZER_NONNULL = YES;
				CLANG_ANALYZER_NUMBER_OBJECT_CONVERSION = YES_AGGRESSIVE;
				CLANG_CXX_LANGUAGE_STANDARD = "gnu++14";
				CLANG_CXX_LIBRARY = "libc++";
				CLANG_ENABLE_MODULES = YES;
				CLANG_ENABLE_OBJC_ARC = YES;
				CLANG_ENABLE_OBJC_WEAK = YES;
				CLANG_WARN_BLOCK_CAPTURE_AUTORELEASING = YES;
				CLANG_WARN_BOOL_CONVERSION = YES;
				CLANG_WARN_COMMA = YES;
				CLANG_WARN_CONSTANT_CONVERSION = YES;
				CLANG_WARN_DEPRECATED_OBJC_IMPLEMENTATIONS = YES;
				CLANG_WARN_DIRECT_OBJC_ISA_USAGE = YES_ERROR;
				CLANG_WARN_DOCUMENTATION_COMMENTS = YES;
				CLANG_WARN_EMPTY_BODY = YES;
				CLANG_WARN_ENUM_CONVERSION = YES;
				CLANG_WARN_INFINITE_RECURSION = YES;
				CLANG_WARN_INT_CONVERSION = YES;
				CLANG_WARN_NON_LITERAL_NULL_CONVERSION = YES;
				CLANG_WARN_OBJC_IMPLICIT_RETAIN_SELF = YES;
				CLANG_WARN_OBJC_LITERAL_CONVERSION = YES;
				CLANG_WARN_OBJC_ROOT_CLASS = YES_ERROR;
				CLANG_WARN_RANGE_LOOP_ANALYSIS = YES;
				CLANG_WARN_STRICT_PROTOTYPES = YES;
				CLANG_WARN_SUSPICIOUS_MOVE = YES;
				CLANG_WARN_UNGUARDED_AVAILABILITY = YES_AGGRESSIVE;
				CLANG_WARN_UNREACHABLE_CODE = YES;
				CLANG_WARN__DUPLICATE_METHOD_MATCH = YES;
				COPY_PHASE_STRIP = NO;
				DEBUG_INFORMATION_FORMAT = "dwarf-with-dsym";
				ENABLE_NS_ASSERTIONS = NO;
				ENABLE_STRICT_OBJC_MSGSEND = YES;
				GCC_C_LANGUAGE_STANDARD = gnu11;
				GCC_NO_COMMON_BLOCKS = YES;
				GCC_WARN_64_TO_32_BIT_CONVERSION = YES;
				GCC_WARN_ABOUT_RETURN_TYPE = YES_ERROR;
				GCC_WARN_UNDECLARED_SELECTOR = YES;
				GCC_WARN_UNINITIALIZED_AUTOS = YES_AGGRESSIVE;
				GCC_WARN_UNUSED_FUNCTION = YES;
				GCC_WARN_UNUSED_VARIABLE = YES;
				IPHONEOS_DEPLOYMENT_TARGET = 13.2;
				MTL_ENABLE_DEBUG_INFO = NO;
				MTL_FAST_MATH = YES;
				SDKROOT = iphoneos;
				SWIFT_COMPILATION_MODE = wholemodule;
				SWIFT_OPTIMIZATION_LEVEL = "-O";
				VALIDATE_PRODUCT = YES;
			};
			name = Release;
		};
		67F457202376D2BC001FD596 /* Debug */ = {
			isa = XCBuildConfiguration;
			baseConfigurationReference = 6ACCEF589A4548B451A12DA8 /* Pods-FrogogoTestApp.debug.xcconfig */;
			buildSettings = {
				ASSETCATALOG_COMPILER_APPICON_NAME = AppIcon;
				CODE_SIGN_STYLE = Automatic;
				INFOPLIST_FILE = FrogogoTestApp/Info.plist;
				LD_RUNPATH_SEARCH_PATHS = (
					"$(inherited)",
					"@executable_path/Frameworks",
				);
				PRODUCT_BUNDLE_IDENTIFIER = o.lego.work.FrogogoTestApp;
				PRODUCT_NAME = "$(TARGET_NAME)";
				SWIFT_VERSION = 5.0;
				TARGETED_DEVICE_FAMILY = "1,2";
			};
			name = Debug;
		};
		67F457212376D2BC001FD596 /* Release */ = {
			isa = XCBuildConfiguration;
			baseConfigurationReference = DC0EE27D0239A2876C6052FA /* Pods-FrogogoTestApp.release.xcconfig */;
			buildSettings = {
				ASSETCATALOG_COMPILER_APPICON_NAME = AppIcon;
				CODE_SIGN_STYLE = Automatic;
				INFOPLIST_FILE = FrogogoTestApp/Info.plist;
				LD_RUNPATH_SEARCH_PATHS = (
					"$(inherited)",
					"@executable_path/Frameworks",
				);
				PRODUCT_BUNDLE_IDENTIFIER = o.lego.work.FrogogoTestApp;
				PRODUCT_NAME = "$(TARGET_NAME)";
				SWIFT_VERSION = 5.0;
				TARGETED_DEVICE_FAMILY = "1,2";
			};
			name = Release;
		};
/* End XCBuildConfiguration section */

/* Begin XCConfigurationList section */
		67F457062376D2BA001FD596 /* Build configuration list for PBXProject "FrogogoTestApp" */ = {
			isa = XCConfigurationList;
			buildConfigurations = (
				67F4571D2376D2BC001FD596 /* Debug */,
				67F4571E2376D2BC001FD596 /* Release */,
			);
			defaultConfigurationIsVisible = 0;
			defaultConfigurationName = Release;
		};
		67F4571F2376D2BC001FD596 /* Build configuration list for PBXNativeTarget "FrogogoTestApp" */ = {
			isa = XCConfigurationList;
			buildConfigurations = (
				67F457202376D2BC001FD596 /* Debug */,
				67F457212376D2BC001FD596 /* Release */,
			);
			defaultConfigurationIsVisible = 0;
			defaultConfigurationName = Release;
		};
/* End XCConfigurationList section */
	};
	rootObject = 67F457032376D2BA001FD596 /* Project object */;
}
